
Microsoft Visual Studio Solution File, Format Version 12.00
# Visual Studio Version 16
VisualStudioVersion = 16.0.33927.289
MinimumVisualStudioVersion = 10.0.40219.1
Project("{FAE04EC0-301F-11D3-BF4B-00C04F79EFBC}") = "ADS_DEMO", "ADS_DEMO.csproj", "{CE25B23C-2A87-402E-A1E2-5DBD9D6B6ABB}"
EndProject
Global
	GlobalSection(SolutionConfigurationPlatforms) = preSolution
		Debug|Any CPU = Debug|Any CPU
		Release|Any CPU = Release|Any CPU
	EndGlobalSection
	GlobalSection(ProjectConfigurationPlatforms) = postSolution
		{CE25B23C-2A87-402E-A1E2-5DBD9D6B6ABB}.Debug|Any CPU.ActiveCfg = Debug|Any CPU
		{CE25B23C-2A87-402E-A1E2-5DBD9D6B6ABB}.Debug|Any CPU.Build.0 = Debug|Any CPU
		{CE25B23C-2A87-402E-A1E2-5DBD9D6B6ABB}.Release|Any CPU.ActiveCfg = Release|Any CPU
		{CE25B23C-2A87-402E-A1E2-5DBD9D6B6ABB}.Release|Any CPU.Build.0 = Release|Any CPU
	EndGlobalSection
	GlobalSection(SolutionProperties) = preSolution
		HideSolutionNode = FALSE
	EndGlobalSection
	GlobalSection(ExtensibilityGlobals) = postSolution
		SolutionGuid = {BE96F44A-04E5-40D8-ADB2-C3B899505D82}
	EndGlobalSection
EndGlobal
